Microsoft Visual Studio Solution File, Format Version 12.00
# Visual Studio Version 17
VisualStudioVersion = 17.13.35617.110
MinimumVisualStudioVersion = 10.0.40219.1
Project("{FAE04EC0-301F-11D3-BF4B-00C04F79EFBC}") = "publisherproject", "publisherproject\publisherproject.csproj", "{B9FCEF36-A1EB-41EA-B976-3622CC554AF1}"
EndProject
Global
	GlobalSection(SolutionConfigurationPlatforms) = preSolution
		Debug|Any CPU = Debug|Any CPU
		Release|Any CPU = Release|Any CPU
	EndGlobalSection
	GlobalSection(ProjectConfigurationPlatforms) = postSolution
		{B9FCEF36-A1EB-41EA-B976-3622CC554AF1}.Debug|Any CPU.ActiveCfg = Debug|Any CPU
		{B9FCEF36-A1EB-41EA-B976-3622CC554AF1}.Debug|Any CPU.Build.0 = Debug|Any CPU
		{B9FCEF36-A1EB-41EA-B976-3622CC554AF1}.Release|Any CPU.ActiveCfg = Release|Any CPU
		{B9FCEF36-A1EB-41EA-B976-3622CC554AF1}.Release|Any CPU.Build.0 = Release|Any CPU
	EndGlobalSection
	GlobalSection(SolutionProperties) = preSolution
		HideSolutionNode = FALSE
	EndGlobalSection
	GlobalSection(ExtensibilityGlobals) = postSolution
		SolutionGuid = {E3154F05-AA1A-458D-B97D-2ED7F85F91DD}
	EndGlobalSection
EndGlobal
